// !$*UTF8*$!
{
	archiveVersion = 1;
	classes = {
	};
	objectVersion = 50;
	objects = {

/* Begin PBXBuildFile section */
		5D01AA12243311230082749D /* Constants.swift in Sources */ = {isa = PBXBuildFile; fileRef = 5D01AA11243311230082749D /* Constants.swift */; };
		5D01AA1824345C190082749D /* TableViewDataSorce.swift in Sources */ = {isa = PBXBuildFile; fileRef = 5D01AA1724345C190082749D /* TableViewDataSorce.swift */; };
		5D072C002411C0FD00F043A3 /* LaunchScreen.storyboard in Resources */ = {isa = PBXBuildFile; fileRef = 5DACB9AA2411BC5800AA7AA2 /* LaunchScreen.storyboard */; };
		5D552FCE2446502800D67B17 /* ImgRetriever.swift in Sources */ = {isa = PBXBuildFile; fileRef = 5D552FCD2446502800D67B17 /* ImgRetriever.swift */; };
		5D552FCF2446C45800D67B17 /* ImgRetriever.swift in Sources */ = {isa = PBXBuildFile; fileRef = 5D552FCD2446502800D67B17 /* ImgRetriever.swift */; };
		5D552FD02446C45800D67B17 /* ImgRetriever.swift in Sources */ = {isa = PBXBuildFile; fileRef = 5D552FCD2446502800D67B17 /* ImgRetriever.swift */; };
		5D552FD4244831ED00D67B17 /* AlbumViewModels.swift in Sources */ = {isa = PBXBuildFile; fileRef = 5D552FD3244831ED00D67B17 /* AlbumViewModels.swift */; };
		5D552FDF2453A13900D67B17 /* TableViewDataSorce.swift in Sources */ = {isa = PBXBuildFile; fileRef = 5D01AA1724345C190082749D /* TableViewDataSorce.swift */; };
		5D552FE12453A13900D67B17 /* AlbumViewModels.swift in Sources */ = {isa = PBXBuildFile; fileRef = 5D552FD3244831ED00D67B17 /* AlbumViewModels.swift */; };
		5D552FE42453A13900D67B17 /* Constants.swift in Sources */ = {isa = PBXBuildFile; fileRef = 5D01AA11243311230082749D /* Constants.swift */; };
		5D552FE52453A18900D67B17 /* TableViewDataSorce.swift in Sources */ = {isa = PBXBuildFile; fileRef = 5D01AA1724345C190082749D /* TableViewDataSorce.swift */; };
		5D552FE72453A18900D67B17 /* AlbumViewModels.swift in Sources */ = {isa = PBXBuildFile; fileRef = 5D552FD3244831ED00D67B17 /* AlbumViewModels.swift */; };
		5D552FEA2453A18900D67B17 /* Constants.swift in Sources */ = {isa = PBXBuildFile; fileRef = 5D01AA11243311230082749D /* Constants.swift */; };
		5D5530002456550F00D67B17 /* AlbumManagerReceiverMock.swift in Sources */ = {isa = PBXBuildFile; fileRef = 5D552FFF2456550F00D67B17 /* AlbumManagerReceiverMock.swift */; };
		5D553072245776A100D67B17 /* ApiAlbums.json in Resources */ = {isa = PBXBuildFile; fileRef = 5D55306D245776A100D67B17 /* ApiAlbums.json */; };
		5D553073245776A100D67B17 /* ApiAlbums.json in Resources */ = {isa = PBXBuildFile; fileRef = 5D55306D245776A100D67B17 /* ApiAlbums.json */; };
		5D553074245776A100D67B17 /* ApiAlbums.json in Resources */ = {isa = PBXBuildFile; fileRef = 5D55306D245776A100D67B17 /* ApiAlbums.json */; };
		5D553075245776A100D67B17 /* Albums.plist in Resources */ = {isa = PBXBuildFile; fileRef = 5D55306E245776A100D67B17 /* Albums.plist */; };
		5D553076245776A100D67B17 /* Albums.plist in Resources */ = {isa = PBXBuildFile; fileRef = 5D55306E245776A100D67B17 /* Albums.plist */; };
		5D553077245776A100D67B17 /* Albums.plist in Resources */ = {isa = PBXBuildFile; fileRef = 5D55306E245776A100D67B17 /* Albums.plist */; };
		5D553078245776A100D67B17 /* ApiNoAlbums.json in Resources */ = {isa = PBXBuildFile; fileRef = 5D55306F245776A100D67B17 /* ApiNoAlbums.json */; };
		5D553079245776A100D67B17 /* ApiNoAlbums.json in Resources */ = {isa = PBXBuildFile; fileRef = 5D55306F245776A100D67B17 /* ApiNoAlbums.json */; };
		5D55307A245776A100D67B17 /* ApiNoAlbums.json in Resources */ = {isa = PBXBuildFile; fileRef = 5D55306F245776A100D67B17 /* ApiNoAlbums.json */; };
		5D55307F245776A100D67B17 /* TestingFiles.swift in Sources */ = {isa = PBXBuildFile; fileRef = 5D553071245776A100D67B17 /* TestingFiles.swift */; };
		5D55308A24577AF100D67B17 /* AlbumTableViewController.swift in Sources */ = {isa = PBXBuildFile; fileRef = 5DACB9D92411BD2400AA7AA2 /* AlbumTableViewController.swift */; };
		5D55308C24577B4A00D67B17 /* AlbumManagerTests.swift in Sources */ = {isa = PBXBuildFile; fileRef = 5D552FEB2453A1E200D67B17 /* AlbumManagerTests.swift */; };
		5D5530972457AF3F00D67B17 /* AlbumsControllerTests.swift in Sources */ = {isa = PBXBuildFile; fileRef = 5D5530962457AF3F00D67B17 /* AlbumsControllerTests.swift */; };
		5D55309A2457B0A600D67B17 /* AlbumManagerMock.swift in Sources */ = {isa = PBXBuildFile; fileRef = 5D5530992457B0A600D67B17 /* AlbumManagerMock.swift */; };
		5D5530A02458116100D67B17 /* AlbumViewModelTests.swift in Sources */ = {isa = PBXBuildFile; fileRef = 5D55309F2458116100D67B17 /* AlbumViewModelTests.swift */; };
		5D5530A22458A51A00D67B17 /* TableDataSourceTests.swift in Sources */ = {isa = PBXBuildFile; fileRef = 5D5530A12458A51A00D67B17 /* TableDataSourceTests.swift */; };
		5D5530A624590D6200D67B17 /* AlbumsTableCellTests.swift in Sources */ = {isa = PBXBuildFile; fileRef = 5D5530A524590D6200D67B17 /* AlbumsTableCellTests.swift */; };
		5D5530A82459113000D67B17 /* AlbumsDetailsViewTests.swift in Sources */ = {isa = PBXBuildFile; fileRef = 5D5530A72459113000D67B17 /* AlbumsDetailsViewTests.swift */; };
		5D5530AF245954DB00D67B17 /* album1.png in Resources */ = {isa = PBXBuildFile; fileRef = 5D5530AC245954DB00D67B17 /* album1.png */; };
		5D5530B0245954DB00D67B17 /* album0.png in Resources */ = {isa = PBXBuildFile; fileRef = 5D5530AD245954DB00D67B17 /* album0.png */; };
		5D5530B1245954DB00D67B17 /* album2.png in Resources */ = {isa = PBXBuildFile; fileRef = 5D5530AE245954DB00D67B17 /* album2.png */; };
		5D5530B5245A42B700D67B17 /* ImgRetrieverTests.swift in Sources */ = {isa = PBXBuildFile; fileRef = 5D5530B4245A42B700D67B17 /* ImgRetrieverTests.swift */; };
		5D5530C4245A4FBF00D67B17 /* AlbumTableViewDelegate.swift in Sources */ = {isa = PBXBuildFile; fileRef = 5D5530C3245A4FBF00D67B17 /* AlbumTableViewDelegate.swift */; };
		5D5530C5245A4FBF00D67B17 /* AlbumTableViewDelegate.swift in Sources */ = {isa = PBXBuildFile; fileRef = 5D5530C3245A4FBF00D67B17 /* AlbumTableViewDelegate.swift */; };
		5D5530C6245A4FBF00D67B17 /* AlbumTableViewDelegate.swift in Sources */ = {isa = PBXBuildFile; fileRef = 5D5530C3245A4FBF00D67B17 /* AlbumTableViewDelegate.swift */; };
		5D5530C8245A502400D67B17 /* String+EstimateHeight.swift in Sources */ = {isa = PBXBuildFile; fileRef = 5D5530C7245A502400D67B17 /* String+EstimateHeight.swift */; };
		5D5530C9245A502400D67B17 /* String+EstimateHeight.swift in Sources */ = {isa = PBXBuildFile; fileRef = 5D5530C7245A502400D67B17 /* String+EstimateHeight.swift */; };
		5D5530CA245A502400D67B17 /* String+EstimateHeight.swift in Sources */ = {isa = PBXBuildFile; fileRef = 5D5530C7245A502400D67B17 /* String+EstimateHeight.swift */; };
		5D5530CD245AD79C00D67B17 /* ImgReteriveProtocolMock.swift in Sources */ = {isa = PBXBuildFile; fileRef = 5D5530CB245AD79C00D67B17 /* ImgReteriveProtocolMock.swift */; };
		5D5530CE245AD79C00D67B17 /* ImgReteriveProtocolMock.swift in Sources */ = {isa = PBXBuildFile; fileRef = 5D5530CB245AD79C00D67B17 /* ImgReteriveProtocolMock.swift */; };
		5D5530D2245B92DC00D67B17 /* album1.png in Resources */ = {isa = PBXBuildFile; fileRef = 5D5530AC245954DB00D67B17 /* album1.png */; };
		5D5530D3245B92DC00D67B17 /* album0.png in Resources */ = {isa = PBXBuildFile; fileRef = 5D5530AD245954DB00D67B17 /* album0.png */; };
		5D5530D4245B92DD00D67B17 /* album2.png in Resources */ = {isa = PBXBuildFile; fileRef = 5D5530AE245954DB00D67B17 /* album2.png */; };
		5DACB9A02411BC5700AA7AA2 /* AppDelegate.swift in Sources */ = {isa = PBXBuildFile; fileRef = 5DACB99F2411BC5700AA7AA2 /* AppDelegate.swift */; };
		5DACB9A22411BC5700AA7AA2 /* SceneDelegate.swift in Sources */ = {isa = PBXBuildFile; fileRef = 5DACB9A12411BC5700AA7AA2 /* SceneDelegate.swift */; };
		5DACB9A92411BC5800AA7AA2 /* Assets.xcassets in Resources */ = {isa = PBXBuildFile; fileRef = 5DACB9A82411BC5800AA7AA2 /* Assets.xcassets */; };
		5DACB9C22411BC5800AA7AA2 /* CodeAssesUITests.swift in Sources */ = {isa = PBXBuildFile; fileRef = 5DACB9C12411BC5800AA7AA2 /* CodeAssesUITests.swift */; };
		5DACB9E02411BD2400AA7AA2 /* AlbumTableViewCell.swift in Sources */ = {isa = PBXBuildFile; fileRef = 5DACB9D82411BD2400AA7AA2 /* AlbumTableViewCell.swift */; };
		5DACB9E12411BD2400AA7AA2 /* AlbumTableViewCell.swift in Sources */ = {isa = PBXBuildFile; fileRef = 5DACB9D82411BD2400AA7AA2 /* AlbumTableViewCell.swift */; };
		5DACB9E22411BD2400AA7AA2 /* AlbumTableViewCell.swift in Sources */ = {isa = PBXBuildFile; fileRef = 5DACB9D82411BD2400AA7AA2 /* AlbumTableViewCell.swift */; };
		5DACB9E42411BD2400AA7AA2 /* AlbumTableViewController.swift in Sources */ = {isa = PBXBuildFile; fileRef = 5DACB9D92411BD2400AA7AA2 /* AlbumTableViewController.swift */; };
		5DACB9E52411BD2400AA7AA2 /* AlbumTableViewController.swift in Sources */ = {isa = PBXBuildFile; fileRef = 5DACB9D92411BD2400AA7AA2 /* AlbumTableViewController.swift */; };
		5DACB9E62411BD2400AA7AA2 /* View+Constraint.swift in Sources */ = {isa = PBXBuildFile; fileRef = 5DACB9DA2411BD2400AA7AA2 /* View+Constraint.swift */; };
		5DACB9E72411BD2400AA7AA2 /* View+Constraint.swift in Sources */ = {isa = PBXBuildFile; fileRef = 5DACB9DA2411BD2400AA7AA2 /* View+Constraint.swift */; };
		5DACB9E82411BD2400AA7AA2 /* View+Constraint.swift in Sources */ = {isa = PBXBuildFile; fileRef = 5DACB9DA2411BD2400AA7AA2 /* View+Constraint.swift */; };
		5DACB9E92411BD2400AA7AA2 /* DetailsViewController.swift in Sources */ = {isa = PBXBuildFile; fileRef = 5DACB9DB2411BD2400AA7AA2 /* DetailsViewController.swift */; };
		5DACB9EA2411BD2400AA7AA2 /* DetailsViewController.swift in Sources */ = {isa = PBXBuildFile; fileRef = 5DACB9DB2411BD2400AA7AA2 /* DetailsViewController.swift */; };
		5DACB9EB2411BD2400AA7AA2 /* DetailsViewController.swift in Sources */ = {isa = PBXBuildFile; fileRef = 5DACB9DB2411BD2400AA7AA2 /* DetailsViewController.swift */; };
		5DACB9EC2411BD2400AA7AA2 /* Album.swift in Sources */ = {isa = PBXBuildFile; fileRef = 5DACB9DD2411BD2400AA7AA2 /* Album.swift */; };
		5DACB9ED2411BD2400AA7AA2 /* Album.swift in Sources */ = {isa = PBXBuildFile; fileRef = 5DACB9DD2411BD2400AA7AA2 /* Album.swift */; };
		5DACB9EE2411BD2400AA7AA2 /* Album.swift in Sources */ = {isa = PBXBuildFile; fileRef = 5DACB9DD2411BD2400AA7AA2 /* Album.swift */; };
		5DACB9F22411BD2400AA7AA2 /* AlbumManager.swift in Sources */ = {isa = PBXBuildFile; fileRef = 5DACB9DF2411BD2400AA7AA2 /* AlbumManager.swift */; };
		5DACB9F32411BD2400AA7AA2 /* AlbumManager.swift in Sources */ = {isa = PBXBuildFile; fileRef = 5DACB9DF2411BD2400AA7AA2 /* AlbumManager.swift */; };
		5DACB9F42411BD2400AA7AA2 /* AlbumManager.swift in Sources */ = {isa = PBXBuildFile; fileRef = 5DACB9DF2411BD2400AA7AA2 /* AlbumManager.swift */; };
		5DBDD5D124185271006B4B24 /* DetailsView.swift in Sources */ = {isa = PBXBuildFile; fileRef = 5DBDD5D024185271006B4B24 /* DetailsView.swift */; };
		5DBDD5D224185271006B4B24 /* DetailsView.swift in Sources */ = {isa = PBXBuildFile; fileRef = 5DBDD5D024185271006B4B24 /* DetailsView.swift */; };
		5DBDD5D324185271006B4B24 /* DetailsView.swift in Sources */ = {isa = PBXBuildFile; fileRef = 5DBDD5D024185271006B4B24 /* DetailsView.swift */; };
/* End PBXBuildFile section */

/* Begin PBXContainerItemProxy section */
		5DACB9B32411BC5800AA7AA2 /* PBXContainerItemProxy */ = {
			isa = PBXContainerItemProxy;
			containerPortal = 5DACB9942411BC5700AA7AA2 /* Project object */;
			proxyType = 1;
			remoteGlobalIDString = 5DACB99B2411BC5700AA7AA2;
			remoteInfo = CodeAsses;
		};
		5DACB9BE2411BC5800AA7AA2 /* PBXContainerItemProxy */ = {
			isa = PBXContainerItemProxy;
			containerPortal = 5DACB9942411BC5700AA7AA2 /* Project object */;
			proxyType = 1;
			remoteGlobalIDString = 5DACB99B2411BC5700AA7AA2;
			remoteInfo = CodeAsses;
		};
/* End PBXContainerItemProxy section */

/* Begin PBXFileReference section */
		5D01AA11243311230082749D /* Constants.swift */ = {isa = PBXFileReference; lastKnownFileType = sourcecode.swift; path = Constants.swift; sourceTree = "<group>"; };
		5D01AA1724345C190082749D /* TableViewDataSorce.swift */ = {isa = PBXFileReference; lastKnownFileType = sourcecode.swift; path = TableViewDataSorce.swift; sourceTree = "<group>"; };
		5D552FCD2446502800D67B17 /* ImgRetriever.swift */ = {isa = PBXFileReference; lastKnownFileType = sourcecode.swift; path = ImgRetriever.swift; sourceTree = "<group>"; };
		5D552FD3244831ED00D67B17 /* AlbumViewModels.swift */ = {isa = PBXFileReference; lastKnownFileType = sourcecode.swift; path = AlbumViewModels.swift; sourceTree = "<group>"; };
		5D552FEB2453A1E200D67B17 /* AlbumManagerTests.swift */ = {isa = PBXFileReference; fileEncoding = 4; lastKnownFileType = sourcecode.swift; path = AlbumManagerTests.swift; sourceTree = "<group>"; };
		5D552FFF2456550F00D67B17 /* AlbumManagerReceiverMock.swift */ = {isa = PBXFileReference; lastKnownFileType = sourcecode.swift; path = AlbumManagerReceiverMock.swift; sourceTree = "<group>"; };
		5D55306D245776A100D67B17 /* ApiAlbums.json */ = {isa = PBXFileReference; fileEncoding = 4; lastKnownFileType = text.json; path = ApiAlbums.json; sourceTree = "<group>"; };
		5D55306E245776A100D67B17 /* Albums.plist */ = {isa = PBXFileReference; fileEncoding = 4; lastKnownFileType = text.plist.xml; path = Albums.plist; sourceTree = "<group>"; };
		5D55306F245776A100D67B17 /* ApiNoAlbums.json */ = {isa = PBXFileReference; fileEncoding = 4; lastKnownFileType = text.json; path = ApiNoAlbums.json; sourceTree = "<group>"; };
		5D553071245776A100D67B17 /* TestingFiles.swift */ = {isa = PBXFileReference; fileEncoding = 4; lastKnownFileType = sourcecode.swift; path = TestingFiles.swift; sourceTree = "<group>"; };
		5D5530962457AF3F00D67B17 /* AlbumsControllerTests.swift */ = {isa = PBXFileReference; lastKnownFileType = sourcecode.swift; path = AlbumsControllerTests.swift; sourceTree = "<group>"; };
		5D5530992457B0A600D67B17 /* AlbumManagerMock.swift */ = {isa = PBXFileReference; fileEncoding = 4; lastKnownFileType = sourcecode.swift; name = AlbumManagerMock.swift; path = CodeAssesUITests/MockObjects/AlbumManagerMock.swift; sourceTree = SOURCE_ROOT; };
		5D55309F2458116100D67B17 /* AlbumViewModelTests.swift */ = {isa = PBXFileReference; fileEncoding = 4; lastKnownFileType = sourcecode.swift; path = AlbumViewModelTests.swift; sourceTree = "<group>"; };
		5D5530A12458A51A00D67B17 /* TableDataSourceTests.swift */ = {isa = PBXFileReference; lastKnownFileType = sourcecode.swift; path = TableDataSourceTests.swift; sourceTree = "<group>"; };
		5D5530A524590D6200D67B17 /* AlbumsTableCellTests.swift */ = {isa = PBXFileReference; lastKnownFileType = sourcecode.swift; path = AlbumsTableCellTests.swift; sourceTree = "<group>"; };
		5D5530A72459113000D67B17 /* AlbumsDetailsViewTests.swift */ = {isa = PBXFileReference; lastKnownFileType = sourcecode.swift; path = AlbumsDetailsViewTests.swift; sourceTree = "<group>"; };
		5D5530AC245954DB00D67B17 /* album1.png */ = {isa = PBXFileReference; lastKnownFileType = image.png; path = album1.png; sourceTree = "<group>"; };
		5D5530AD245954DB00D67B17 /* album0.png */ = {isa = PBXFileReference; lastKnownFileType = image.png; path = album0.png; sourceTree = "<group>"; };
		5D5530AE245954DB00D67B17 /* album2.png */ = {isa = PBXFileReference; lastKnownFileType = image.png; path = album2.png; sourceTree = "<group>"; };
		5D5530B4245A42B700D67B17 /* ImgRetrieverTests.swift */ = {isa = PBXFileReference; lastKnownFileType = sourcecode.swift; path = ImgRetrieverTests.swift; sourceTree = "<group>"; };
		5D5530C3245A4FBF00D67B17 /* AlbumTableViewDelegate.swift */ = {isa = PBXFileReference; lastKnownFileType = sourcecode.swift; path = AlbumTableViewDelegate.swift; sourceTree = "<group>"; };
		5D5530C7245A502400D67B17 /* String+EstimateHeight.swift */ = {isa = PBXFileReference; lastKnownFileType = sourcecode.swift; path = "String+EstimateHeight.swift"; sourceTree = "<group>"; };
		5D5530CB245AD79C00D67B17 /* ImgReteriveProtocolMock.swift */ = {isa = PBXFileReference; lastKnownFileType = sourcecode.swift; path = ImgReteriveProtocolMock.swift; sourceTree = "<group>"; };
		5DACB99C2411BC5700AA7AA2 /* CodeAsses.app */ = {isa = PBXFileReference; explicitFileType = wrapper.application; includeInIndex = 0; path = CodeAsses.app; sourceTree = BUILT_PRODUCTS_DIR; };
		5DACB99F2411BC5700AA7AA2 /* AppDelegate.swift */ = {isa = PBXFileReference; lastKnownFileType = sourcecode.swift; path = AppDelegate.swift; sourceTree = "<group>"; };
		5DACB9A12411BC5700AA7AA2 /* SceneDelegate.swift */ = {isa = PBXFileReference; lastKnownFileType = sourcecode.swift; path = SceneDelegate.swift; sourceTree = "<group>"; };
		5DACB9A82411BC5800AA7AA2 /* Assets.xcassets */ = {isa = PBXFileReference; lastKnownFileType = folder.assetcatalog; path = Assets.xcassets; sourceTree = "<group>"; };
		5DACB9AB2411BC5800AA7AA2 /* Base */ = {isa = PBXFileReference; lastKnownFileType = file.storyboard; name = Base; path = Base.lproj/LaunchScreen.storyboard; sourceTree = "<group>"; };
		5DACB9AD2411BC5800AA7AA2 /* Info.plist */ = {isa = PBXFileReference; lastKnownFileType = text.plist.xml; path = Info.plist; sourceTree = "<group>"; };
		5DACB9B22411BC5800AA7AA2 /* CodeAssesTests.xctest */ = {isa = PBXFileReference; explicitFileType = wrapper.cfbundle; includeInIndex = 0; path = CodeAssesTests.xctest; sourceTree = BUILT_PRODUCTS_DIR; };
		5DACB9B82411BC5800AA7AA2 /* Info.plist */ = {isa = PBXFileReference; lastKnownFileType = text.plist.xml; path = Info.plist; sourceTree = "<group>"; };
		5DACB9BD2411BC5800AA7AA2 /* CodeAssesUITests.xctest */ = {isa = PBXFileReference; explicitFileType = wrapper.cfbundle; includeInIndex = 0; path = CodeAssesUITests.xctest; sourceTree = BUILT_PRODUCTS_DIR; };
		5DACB9C12411BC5800AA7AA2 /* CodeAssesUITests.swift */ = {isa = PBXFileReference; lastKnownFileType = sourcecode.swift; path = CodeAssesUITests.swift; sourceTree = "<group>"; };
		5DACB9C32411BC5800AA7AA2 /* Info.plist */ = {isa = PBXFileReference; lastKnownFileType = text.plist.xml; path = Info.plist; sourceTree = "<group>"; };
		5DACB9D82411BD2400AA7AA2 /* AlbumTableViewCell.swift */ = {isa = PBXFileReference; fileEncoding = 4; lastKnownFileType = sourcecode.swift; path = AlbumTableViewCell.swift; sourceTree = "<group>"; };
		5DACB9D92411BD2400AA7AA2 /* AlbumTableViewController.swift */ = {isa = PBXFileReference; fileEncoding = 4; lastKnownFileType = sourcecode.swift; path = AlbumTableViewController.swift; sourceTree = "<group>"; };
		5DACB9DA2411BD2400AA7AA2 /* View+Constraint.swift */ = {isa = PBXFileReference; fileEncoding = 4; lastKnownFileType = sourcecode.swift; path = "View+Constraint.swift"; sourceTree = "<group>"; };
		5DACB9DB2411BD2400AA7AA2 /* DetailsViewController.swift */ = {isa = PBXFileReference; fileEncoding = 4; lastKnownFileType = sourcecode.swift; path = DetailsViewController.swift; sourceTree = "<group>"; };
		5DACB9DD2411BD2400AA7AA2 /* Album.swift */ = {isa = PBXFileReference; fileEncoding = 4; lastKnownFileType = sourcecode.swift; path = Album.swift; sourceTree = "<group>"; };
		5DACB9DF2411BD2400AA7AA2 /* AlbumManager.swift */ = {isa = PBXFileReference; fileEncoding = 4; lastKnownFileType = sourcecode.swift; path = AlbumManager.swift; sourceTree = "<group>"; };
		5DBDD5D024185271006B4B24 /* DetailsView.swift */ = {isa = PBXFileReference; lastKnownFileType = sourcecode.swift; path = DetailsView.swift; sourceTree = "<group>"; };
/* End PBXFileReference section */

/* Begin PBXFrameworksBuildPhase section */
		5DACB9992411BC5700AA7AA2 /* Frameworks */ = {
			isa = PBXFrameworksBuildPhase;
			buildActionMask = 2147483647;
			files = (
			);
			runOnlyForDeploymentPostprocessing = 0;
		};
		5DACB9AF2411BC5800AA7AA2 /* Frameworks */ = {
			isa = PBXFrameworksBuildPhase;
			buildActionMask = 2147483647;
			files = (
			);
			runOnlyForDeploymentPostprocessing = 0;
		};
		5DACB9BA2411BC5800AA7AA2 /* Frameworks */ = {
			isa = PBXFrameworksBuildPhase;
			buildActionMask = 2147483647;
			files = (
			);
			runOnlyForDeploymentPostprocessing = 0;
		};
/* End PBXFrameworksBuildPhase section */

/* Begin PBXGroup section */
		5D01AA1324345BAA0082749D /* DataSorcesAndDelegate */ = {
			isa = PBXGroup;
			children = (
				5D01AA1724345C190082749D /* TableViewDataSorce.swift */,
				5D5530C3245A4FBF00D67B17 /* AlbumTableViewDelegate.swift */,
				5D5530C7245A502400D67B17 /* String+EstimateHeight.swift */,
			);
			path = DataSorcesAndDelegate;
			sourceTree = "<group>";
		};
		5D552FFE245654F900D67B17 /* MockObjects */ = {
			isa = PBXGroup;
			children = (
				5D5530992457B0A600D67B17 /* AlbumManagerMock.swift */,
				5D552FFF2456550F00D67B17 /* AlbumManagerReceiverMock.swift */,
				5D5530CB245AD79C00D67B17 /* ImgReteriveProtocolMock.swift */,
			);
			path = MockObjects;
			sourceTree = "<group>";
		};
		5D55306C245776A100D67B17 /* TestData */ = {
			isa = PBXGroup;
			children = (
				5D5530AB245954DB00D67B17 /* images */,
				5D55306D245776A100D67B17 /* ApiAlbums.json */,
				5D55306F245776A100D67B17 /* ApiNoAlbums.json */,
				5D55306E245776A100D67B17 /* Albums.plist */,
			);
			path = TestData;
			sourceTree = "<group>";
		};
		5D5530A92459113700D67B17 /* TestViews */ = {
			isa = PBXGroup;
			children = (
				5D5530A524590D6200D67B17 /* AlbumsTableCellTests.swift */,
				5D5530A72459113000D67B17 /* AlbumsDetailsViewTests.swift */,
			);
			path = TestViews;
			sourceTree = "<group>";
		};
		5D5530AA2459115C00D67B17 /* TestViewModels */ = {
			isa = PBXGroup;
			children = (
				5D55309F2458116100D67B17 /* AlbumViewModelTests.swift */,
				5D552FEB2453A1E200D67B17 /* AlbumManagerTests.swift */,
				5D5530B4245A42B700D67B17 /* ImgRetrieverTests.swift */,
				5D5530A12458A51A00D67B17 /* TableDataSourceTests.swift */,
			);
			path = TestViewModels;
			sourceTree = "<group>";
		};
		5D5530AB245954DB00D67B17 /* images */ = {
			isa = PBXGroup;
			children = (
				5D5530AC245954DB00D67B17 /* album1.png */,
				5D5530AD245954DB00D67B17 /* album0.png */,
				5D5530AE245954DB00D67B17 /* album2.png */,
			);
			path = images;
			sourceTree = "<group>";
		};
		5DACB9932411BC5700AA7AA2 = {
			isa = PBXGroup;
			children = (
				5DACB99E2411BC5700AA7AA2 /* CodeAsses */,
				5DACB9B52411BC5800AA7AA2 /* CodeAssesTests */,
				5DACB9C02411BC5800AA7AA2 /* CodeAssesUITests */,
				5DACB99D2411BC5700AA7AA2 /* Products */,
			);
			sourceTree = "<group>";
		};
		5DACB99D2411BC5700AA7AA2 /* Products */ = {
			isa = PBXGroup;
			children = (
				5DACB99C2411BC5700AA7AA2 /* CodeAsses.app */,
				5DACB9B22411BC5800AA7AA2 /* CodeAssesTests.xctest */,
				5DACB9BD2411BC5800AA7AA2 /* CodeAssesUITests.xctest */,
			);
			name = Products;
			sourceTree = "<group>";
		};
		5DACB99E2411BC5700AA7AA2 /* CodeAsses */ = {
			isa = PBXGroup;
			children = (
				5DACB9DC2411BD2400AA7AA2 /* Models */,
				5D01AA1324345BAA0082749D /* DataSorcesAndDelegate */,
				5DBDD5D9241AF8BC006B4B24 /* Services */,
				5DBDD5D4241AF812006B4B24 /* ViewModel */,
				5DBDD5CF2418514A006B4B24 /* Views */,
				5DACB9D72411BD2400AA7AA2 /* Controllers */,
				5D01AA11243311230082749D /* Constants.swift */,
				5DACB99F2411BC5700AA7AA2 /* AppDelegate.swift */,
				5DACB9A12411BC5700AA7AA2 /* SceneDelegate.swift */,
				5DACB9A82411BC5800AA7AA2 /* Assets.xcassets */,
				5DACB9AA2411BC5800AA7AA2 /* LaunchScreen.storyboard */,
				5DACB9AD2411BC5800AA7AA2 /* Info.plist */,
			);
			path = CodeAsses;
			sourceTree = "<group>";
		};
		5DACB9B52411BC5800AA7AA2 /* CodeAssesTests */ = {
			isa = PBXGroup;
			children = (
				5D55306C245776A100D67B17 /* TestData */,
				5D552FFE245654F900D67B17 /* MockObjects */,
				5D5530AA2459115C00D67B17 /* TestViewModels */,
				5D5530A92459113700D67B17 /* TestViews */,
				5DACB9B82411BC5800AA7AA2 /* Info.plist */,
				5D553071245776A100D67B17 /* TestingFiles.swift */,
				5D5530962457AF3F00D67B17 /* AlbumsControllerTests.swift */,
			);
			path = CodeAssesTests;
			sourceTree = "<group>";
		};
		5DACB9C02411BC5800AA7AA2 /* CodeAssesUITests */ = {
			isa = PBXGroup;
			children = (
				5DACB9C12411BC5800AA7AA2 /* CodeAssesUITests.swift */,
				5DACB9C32411BC5800AA7AA2 /* Info.plist */,
			);
			path = CodeAssesUITests;
			sourceTree = "<group>";
		};
		5DACB9D72411BD2400AA7AA2 /* Controllers */ = {
			isa = PBXGroup;
			children = (
				5DACB9D92411BD2400AA7AA2 /* AlbumTableViewController.swift */,
				5DACB9DB2411BD2400AA7AA2 /* DetailsViewController.swift */,
			);
			path = Controllers;
			sourceTree = "<group>";
		};
		5DACB9DC2411BD2400AA7AA2 /* Models */ = {
			isa = PBXGroup;
			children = (
				5DACB9DD2411BD2400AA7AA2 /* Album.swift */,
			);
			path = Models;
			sourceTree = "<group>";
		};
		5DBDD5CF2418514A006B4B24 /* Views */ = {
			isa = PBXGroup;
			children = (
				5DACB9D82411BD2400AA7AA2 /* AlbumTableViewCell.swift */,
				5DBDD5D024185271006B4B24 /* DetailsView.swift */,
				5DACB9DA2411BD2400AA7AA2 /* View+Constraint.swift */,
			);
			path = Views;
			sourceTree = "<group>";
		};
		5DBDD5D4241AF812006B4B24 /* ViewModel */ = {
			isa = PBXGroup;
			children = (
				5D552FD3244831ED00D67B17 /* AlbumViewModels.swift */,
			);
			path = ViewModel;
			sourceTree = "<group>";
		};
		5DBDD5D9241AF8BC006B4B24 /* Services */ = {
			isa = PBXGroup;
			children = (
				5DACB9DF2411BD2400AA7AA2 /* AlbumManager.swift */,
				5D552FCD2446502800D67B17 /* ImgRetriever.swift */,
			);
			path = Services;
			sourceTree = "<group>";
		};
/* End PBXGroup section */

/* Begin PBXNativeTarget section */
		5DACB99B2411BC5700AA7AA2 /* CodeAsses */ = {
			isa = PBXNativeTarget;
			buildConfigurationList = 5DACB9C62411BC5800AA7AA2 /* Build configuration list for PBXNativeTarget "CodeAsses" */;
			buildPhases = (
				5DACB9982411BC5700AA7AA2 /* Sources */,
				5DACB9992411BC5700AA7AA2 /* Frameworks */,
				5DACB99A2411BC5700AA7AA2 /* Resources */,
			);
			buildRules = (
			);
			dependencies = (
			);
			name = CodeAsses;
			productName = CodeAsses;
			productReference = 5DACB99C2411BC5700AA7AA2 /* CodeAsses.app */;
			productType = "com.apple.product-type.application";
		};
		5DACB9B12411BC5800AA7AA2 /* CodeAssesTests */ = {
			isa = PBXNativeTarget;
			buildConfigurationList = 5DACB9C92411BC5800AA7AA2 /* Build configuration list for PBXNativeTarget "CodeAssesTests" */;
			buildPhases = (
				5DACB9AE2411BC5800AA7AA2 /* Sources */,
				5DACB9AF2411BC5800AA7AA2 /* Frameworks */,
				5DACB9B02411BC5800AA7AA2 /* Resources */,
			);
			buildRules = (
			);
			dependencies = (
				5DACB9B42411BC5800AA7AA2 /* PBXTargetDependency */,
			);
			name = CodeAssesTests;
			productName = CodeAssesTests;
			productReference = 5DACB9B22411BC5800AA7AA2 /* CodeAssesTests.xctest */;
			productType = "com.apple.product-type.bundle.unit-test";
		};
		5DACB9BC2411BC5800AA7AA2 /* CodeAssesUITests */ = {
			isa = PBXNativeTarget;
			buildConfigurationList = 5DACB9CC2411BC5800AA7AA2 /* Build configuration list for PBXNativeTarget "CodeAssesUITests" */;
			buildPhases = (
				5DACB9B92411BC5800AA7AA2 /* Sources */,
				5DACB9BA2411BC5800AA7AA2 /* Frameworks */,
				5DACB9BB2411BC5800AA7AA2 /* Resources */,
			);
			buildRules = (
			);
			dependencies = (
				5DACB9BF2411BC5800AA7AA2 /* PBXTargetDependency */,
			);
			name = CodeAssesUITests;
			productName = CodeAssesUITests;
			productReference = 5DACB9BD2411BC5800AA7AA2 /* CodeAssesUITests.xctest */;
			productType = "com.apple.product-type.bundle.ui-testing";
		};
/* End PBXNativeTarget section */

/* Begin PBXProject section */
		5DACB9942411BC5700AA7AA2 /* Project object */ = {
			isa = PBXProject;
			attributes = {
				LastSwiftUpdateCheck = 1130;
				LastUpgradeCheck = 1130;
				ORGANIZATIONNAME = "Ghadeer Alkubaish";
				TargetAttributes = {
					5DACB99B2411BC5700AA7AA2 = {
						CreatedOnToolsVersion = 11.3.1;
					};
					5DACB9B12411BC5800AA7AA2 = {
						CreatedOnToolsVersion = 11.3.1;
						TestTargetID = 5DACB99B2411BC5700AA7AA2;
					};
					5DACB9BC2411BC5800AA7AA2 = {
						CreatedOnToolsVersion = 11.3.1;
						TestTargetID = 5DACB99B2411BC5700AA7AA2;
					};
				};
			};
			buildConfigurationList = 5DACB9972411BC5700AA7AA2 /* Build configuration list for PBXProject "CodeAsses" */;
			compatibilityVersion = "Xcode 9.3";
			developmentRegion = en;
			hasScannedForEncodings = 0;
			knownRegions = (
				en,
				Base,
			);
			mainGroup = 5DACB9932411BC5700AA7AA2;
			productRefGroup = 5DACB99D2411BC5700AA7AA2 /* Products */;
			projectDirPath = "";
			projectRoot = "";
			targets = (
				5DACB99B2411BC5700AA7AA2 /* CodeAsses */,
				5DACB9B12411BC5800AA7AA2 /* CodeAssesTests */,
				5DACB9BC2411BC5800AA7AA2 /* CodeAssesUITests */,
			);
		};
/* End PBXProject section */

/* Begin PBXResourcesBuildPhase section */
		5DACB99A2411BC5700AA7AA2 /* Resources */ = {
			isa = PBXResourcesBuildPhase;
			buildActionMask = 2147483647;
			files = (
				5D5530D2245B92DC00D67B17 /* album1.png in Resources */,
				5D5530D3245B92DC00D67B17 /* album0.png in Resources */,
				5D5530D4245B92DD00D67B17 /* album2.png in Resources */,
				5D072C002411C0FD00F043A3 /* LaunchScreen.storyboard in Resources */,
				5D553078245776A100D67B17 /* ApiNoAlbums.json in Resources */,
				5D553072245776A100D67B17 /* ApiAlbums.json in Resources */,
				5D553075245776A100D67B17 /* Albums.plist in Resources */,
				5DACB9A92411BC5800AA7AA2 /* Assets.xcassets in Resources */,
			);
			runOnlyForDeploymentPostprocessing = 0;
		};
		5DACB9B02411BC5800AA7AA2 /* Resources */ = {
			isa = PBXResourcesBuildPhase;
			buildActionMask = 2147483647;
			files = (
				5D5530B1245954DB00D67B17 /* album2.png in Resources */,
				5D5530B0245954DB00D67B17 /* album0.png in Resources */,
				5D553076245776A100D67B17 /* Albums.plist in Resources */,
				5D553079245776A100D67B17 /* ApiNoAlbums.json in Resources */,
				5D553073245776A100D67B17 /* ApiAlbums.json in Resources */,
				5D5530AF245954DB00D67B17 /* album1.png in Resources */,
			);
			runOnlyForDeploymentPostprocessing = 0;
		};
		5DACB9BB2411BC5800AA7AA2 /* Resources */ = {
			isa = PBXResourcesBuildPhase;
			buildActionMask = 2147483647;
			files = (
				5D553077245776A100D67B17 /* Albums.plist in Resources */,
				5D55307A245776A100D67B17 /* ApiNoAlbums.json in Resources */,
				5D553074245776A100D67B17 /* ApiAlbums.json in Resources */,
			);
			runOnlyForDeploymentPostprocessing = 0;
		};
/* End PBXResourcesBuildPhase section */

/* Begin PBXSourcesBuildPhase section */
		5DACB9982411BC5700AA7AA2 /* Sources */ = {
			isa = PBXSourcesBuildPhase;
			buildActionMask = 2147483647;
			files = (
				5D5530C8245A502400D67B17 /* String+EstimateHeight.swift in Sources */,
				5D55308A24577AF100D67B17 /* AlbumTableViewController.swift in Sources */,
				5D01AA1824345C190082749D /* TableViewDataSorce.swift in Sources */,
				5DACB9E62411BD2400AA7AA2 /* View+Constraint.swift in Sources */,
				5DBDD5D124185271006B4B24 /* DetailsView.swift in Sources */,
				5DACB9A02411BC5700AA7AA2 /* AppDelegate.swift in Sources */,
				5DACB9A22411BC5700AA7AA2 /* SceneDelegate.swift in Sources */,
				5D5530C4245A4FBF00D67B17 /* AlbumTableViewDelegate.swift in Sources */,
				5DACB9EC2411BD2400AA7AA2 /* Album.swift in Sources */,
				5DACB9E02411BD2400AA7AA2 /* AlbumTableViewCell.swift in Sources */,
				5DACB9E92411BD2400AA7AA2 /* DetailsViewController.swift in Sources */,
				5D552FD4244831ED00D67B17 /* AlbumViewModels.swift in Sources */,
				5D552FCE2446502800D67B17 /* ImgRetriever.swift in Sources */,
				5DACB9F22411BD2400AA7AA2 /* AlbumManager.swift in Sources */,
				5D01AA12243311230082749D /* Constants.swift in Sources */,
			);
			runOnlyForDeploymentPostprocessing = 0;
		};
		5DACB9AE2411BC5800AA7AA2 /* Sources */ = {
			isa = PBXSourcesBuildPhase;
			buildActionMask = 2147483647;
			files = (
				5D55308C24577B4A00D67B17 /* AlbumManagerTests.swift in Sources */,
				5D552FDF2453A13900D67B17 /* TableViewDataSorce.swift in Sources */,
				5D5530A02458116100D67B17 /* AlbumViewModelTests.swift in Sources */,
				5D552FE12453A13900D67B17 /* AlbumViewModels.swift in Sources */,
				5D5530972457AF3F00D67B17 /* AlbumsControllerTests.swift in Sources */,
				5D552FE42453A13900D67B17 /* Constants.swift in Sources */,
				5DACB9F32411BD2400AA7AA2 /* AlbumManager.swift in Sources */,
				5D5530CD245AD79C00D67B17 /* ImgReteriveProtocolMock.swift in Sources */,
				5DACB9E42411BD2400AA7AA2 /* AlbumTableViewController.swift in Sources */,
				5D5530002456550F00D67B17 /* AlbumManagerReceiverMock.swift in Sources */,
				5D5530C9245A502400D67B17 /* String+EstimateHeight.swift in Sources */,
				5D55309A2457B0A600D67B17 /* AlbumManagerMock.swift in Sources */,
				5D55307F245776A100D67B17 /* TestingFiles.swift in Sources */,
				5D5530A22458A51A00D67B17 /* TableDataSourceTests.swift in Sources */,
				5D5530C5245A4FBF00D67B17 /* AlbumTableViewDelegate.swift in Sources */,
				5D5530A624590D6200D67B17 /* AlbumsTableCellTests.swift in Sources */,
				5DACB9E12411BD2400AA7AA2 /* AlbumTableViewCell.swift in Sources */,
				5DBDD5D224185271006B4B24 /* DetailsView.swift in Sources */,
				5D5530B5245A42B700D67B17 /* ImgRetrieverTests.swift in Sources */,
				5D5530A82459113000D67B17 /* AlbumsDetailsViewTests.swift in Sources */,
				5D552FD02446C45800D67B17 /* ImgRetriever.swift in Sources */,
				5DACB9E72411BD2400AA7AA2 /* View+Constraint.swift in Sources */,
				5DACB9EA2411BD2400AA7AA2 /* DetailsViewController.swift in Sources */,
				5DACB9ED2411BD2400AA7AA2 /* Album.swift in Sources */,
			);
			runOnlyForDeploymentPostprocessing = 0;
		};
		5DACB9B92411BC5800AA7AA2 /* Sources */ = {
			isa = PBXSourcesBuildPhase;
			buildActionMask = 2147483647;
			files = (
				5D552FE52453A18900D67B17 /* TableViewDataSorce.swift in Sources */,
				5D552FE72453A18900D67B17 /* AlbumViewModels.swift in Sources */,
				5D552FEA2453A18900D67B17 /* Constants.swift in Sources */,
				5DACB9C22411BC5800AA7AA2 /* CodeAssesUITests.swift in Sources */,
				5D552FCF2446C45800D67B17 /* ImgRetriever.swift in Sources */,
				5D5530C6245A4FBF00D67B17 /* AlbumTableViewDelegate.swift in Sources */,
				5DACB9F42411BD2400AA7AA2 /* AlbumManager.swift in Sources */,
				5D5530CA245A502400D67B17 /* String+EstimateHeight.swift in Sources */,
				5DBDD5D324185271006B4B24 /* DetailsView.swift in Sources */,
				5DACB9E52411BD2400AA7AA2 /* AlbumTableViewController.swift in Sources */,
				5D5530CE245AD79C00D67B17 /* ImgReteriveProtocolMock.swift in Sources */,
				5DACB9E22411BD2400AA7AA2 /* AlbumTableViewCell.swift in Sources */,
				5DACB9E82411BD2400AA7AA2 /* View+Constraint.swift in Sources */,
				5DACB9EB2411BD2400AA7AA2 /* DetailsViewController.swift in Sources */,
				5DACB9EE2411BD2400AA7AA2 /* Album.swift in Sources */,
			);
			runOnlyForDeploymentPostprocessing = 0;
		};
/* End PBXSourcesBuildPhase section */

/* Begin PBXTargetDependency section */
		5DACB9B42411BC5800AA7AA2 /* PBXTargetDependency */ = {
			isa = PBXTargetDependency;
			target = 5DACB99B2411BC5700AA7AA2 /* CodeAsses */;
			targetProxy = 5DACB9B32411BC5800AA7AA2 /* PBXContainerItemProxy */;
		};
		5DACB9BF2411BC5800AA7AA2 /* PBXTargetDependency */ = {
			isa = PBXTargetDependency;
			target = 5DACB99B2411BC5700AA7AA2 /* CodeAsses */;
			targetProxy = 5DACB9BE2411BC5800AA7AA2 /* PBXContainerItemProxy */;
		};
/* End PBXTargetDependency section */

/* Begin PBXVariantGroup section */
		5DACB9AA2411BC5800AA7AA2 /* LaunchScreen.storyboard */ = {
			isa = PBXVariantGroup;
			children = (
				5DACB9AB2411BC5800AA7AA2 /* Base */,
			);
			name = LaunchScreen.storyboard;
			sourceTree = "<group>";
		};
/* End PBXVariantGroup section */

/* Begin XCBuildConfiguration section */
		5DACB9C42411BC5800AA7AA2 /* Debug */ = {
			isa = XCBuildConfiguration;
			buildSettings = {
				ALWAYS_SEARCH_USER_PATHS = NO;
				CLANG_ANALYZER_NONNULL = YES;
				CLANG_ANALYZER_NUMBER_OBJECT_CONVERSION = YES_AGGRESSIVE;
				CLANG_CXX_LANGUAGE_STANDARD = "gnu++14";
				CLANG_CXX_LIBRARY = "libc++";
				CLANG_ENABLE_MODULES = YES;
				CLANG_ENABLE_OBJC_ARC = YES;
				CLANG_ENABLE_OBJC_WEAK = YES;
				CLANG_WARN_BLOCK_CAPTURE_AUTORELEASING = YES;
				CLANG_WARN_BOOL_CONVERSION = YES;
				CLANG_WARN_COMMA = YES;
				CLANG_WARN_CONSTANT_CONVERSION = YES;
				CLANG_WARN_DEPRECATED_OBJC_IMPLEMENTATIONS = YES;
				CLANG_WARN_DIRECT_OBJC_ISA_USAGE = YES_ERROR;
				CLANG_WARN_DOCUMENTATION_COMMENTS = YES;
				CLANG_WARN_EMPTY_BODY = YES;
				CLANG_WARN_ENUM_CONVERSION = YES;
				CLANG_WARN_INFINITE_RECURSION = YES;
				CLANG_WARN_INT_CONVERSION = YES;
				CLANG_WARN_NON_LITERAL_NULL_CONVERSION = YES;
				CLANG_WARN_OBJC_IMPLICIT_RETAIN_SELF = YES;
				CLANG_WARN_OBJC_LITERAL_CONVERSION = YES;
				CLANG_WARN_OBJC_ROOT_CLASS = YES_ERROR;
				CLANG_WARN_RANGE_LOOP_ANALYSIS = YES;
				CLANG_WARN_STRICT_PROTOTYPES = YES;
				CLANG_WARN_SUSPICIOUS_MOVE = YES;
				CLANG_WARN_UNGUARDED_AVAILABILITY = YES_AGGRESSIVE;
				CLANG_WARN_UNREACHABLE_CODE = YES;
				CLANG_WARN__DUPLICATE_METHOD_MATCH = YES;
				COPY_PHASE_STRIP = NO;
				DEBUG_INFORMATION_FORMAT = dwarf;
				ENABLE_STRICT_OBJC_MSGSEND = YES;
				ENABLE_TESTABILITY = YES;
				GCC_C_LANGUAGE_STANDARD = gnu11;
				GCC_DYNAMIC_NO_PIC = NO;
				GCC_NO_COMMON_BLOCKS = YES;
				GCC_OPTIMIZATION_LEVEL = 0;
				GCC_PREPROCESSOR_DEFINITIONS = (
					"DEBUG=1",
					"$(inherited)",
				);
				GCC_WARN_64_TO_32_BIT_CONVERSION = YES;
				GCC_WARN_ABOUT_RETURN_TYPE = YES_ERROR;
				GCC_WARN_UNDECLARED_SELECTOR = YES;
				GCC_WARN_UNINITIALIZED_AUTOS = YES_AGGRESSIVE;
				GCC_WARN_UNUSED_FUNCTION = YES;
				GCC_WARN_UNUSED_VARIABLE = YES;
				IPHONEOS_DEPLOYMENT_TARGET = 13.2;
				MTL_ENABLE_DEBUG_INFO = INCLUDE_SOURCE;
				MTL_FAST_MATH = YES;
				ONLY_ACTIVE_ARCH = YES;
				SDKROOT = iphoneos;
				SWIFT_ACTIVE_COMPILATION_CONDITIONS = DEBUG;
				SWIFT_OPTIMIZATION_LEVEL = "-Onone";
			};
			name = Debug;
		};
		5DACB9C52411BC5800AA7AA2 /* Release */ = {
			isa = XCBuildConfiguration;
			buildSettings = {
				ALWAYS_SEARCH_USER_PATHS = NO;
				CLANG_ANALYZER_NONNULL = YES;
				CLANG_ANALYZER_NUMBER_OBJECT_CONVERSION = YES_AGGRESSIVE;
				CLANG_CXX_LANGUAGE_STANDARD = "gnu++14";
				CLANG_CXX_LIBRARY = "libc++";
				CLANG_ENABLE_MODULES = YES;
				CLANG_ENABLE_OBJC_ARC = YES;
				CLANG_ENABLE_OBJC_WEAK = YES;
				CLANG_WARN_BLOCK_CAPTURE_AUTORELEASING = YES;
				CLANG_WARN_BOOL_CONVERSION = YES;
				CLANG_WARN_COMMA = YES;
				CLANG_WARN_CONSTANT_CONVERSION = YES;
				CLANG_WARN_DEPRECATED_OBJC_IMPLEMENTATIONS = YES;
				CLANG_WARN_DIRECT_OBJC_ISA_USAGE = YES_ERROR;
				CLANG_WARN_DOCUMENTATION_COMMENTS = YES;
				CLANG_WARN_EMPTY_BODY = YES;
				CLANG_WARN_ENUM_CONVERSION = YES;
				CLANG_WARN_INFINITE_RECURSION = YES;
				CLANG_WARN_INT_CONVERSION = YES;
				CLANG_WARN_NON_LITERAL_NULL_CONVERSION = YES;
				CLANG_WARN_OBJC_IMPLICIT_RETAIN_SELF = YES;
				CLANG_WARN_OBJC_LITERAL_CONVERSION = YES;
				CLANG_WARN_OBJC_ROOT_CLASS = YES_ERROR;
				CLANG_WARN_RANGE_LOOP_ANALYSIS = YES;
				CLANG_WARN_STRICT_PROTOTYPES = YES;
				CLANG_WARN_SUSPICIOUS_MOVE = YES;
				CLANG_WARN_UNGUARDED_AVAILABILITY = YES_AGGRESSIVE;
				CLANG_WARN_UNREACHABLE_CODE = YES;
				CLANG_WARN__DUPLICATE_METHOD_MATCH = YES;
				COPY_PHASE_STRIP = NO;
				DEBUG_INFORMATION_FORMAT = "dwarf-with-dsym";
				ENABLE_NS_ASSERTIONS = NO;
				ENABLE_STRICT_OBJC_MSGSEND = YES;
				GCC_C_LANGUAGE_STANDARD = gnu11;
				GCC_NO_COMMON_BLOCKS = YES;
				GCC_WARN_64_TO_32_BIT_CONVERSION = YES;
				GCC_WARN_ABOUT_RETURN_TYPE = YES_ERROR;
				GCC_WARN_UNDECLARED_SELECTOR = YES;
				GCC_WARN_UNINITIALIZED_AUTOS = YES_AGGRESSIVE;
				GCC_WARN_UNUSED_FUNCTION = YES;
				GCC_WARN_UNUSED_VARIABLE = YES;
				IPHONEOS_DEPLOYMENT_TARGET = 13.2;
				MTL_ENABLE_DEBUG_INFO = NO;
				MTL_FAST_MATH = YES;
				SDKROOT = iphoneos;
				SWIFT_COMPILATION_MODE = wholemodule;
				SWIFT_OPTIMIZATION_LEVEL = "-O";
				VALIDATE_PRODUCT = YES;
			};
			name = Release;
		};
		5DACB9C72411BC5800AA7AA2 /* Debug */ = {
			isa = XCBuildConfiguration;
			buildSettings = {
				ASSETCATALOG_COMPILER_APPICON_NAME = AppIcon;
				CODE_SIGN_STYLE = Automatic;
				DEVELOPMENT_TEAM = WTE4D7MN38;
				INFOPLIST_FILE = CodeAsses/Info.plist;
				LD_RUNPATH_SEARCH_PATHS = (
					"$(inherited)",
					"@executable_path/Frameworks",
				);
				PRODUCT_BUNDLE_IDENTIFIER = com.Ghadeer.CodeAsses;
				PRODUCT_NAME = "$(TARGET_NAME)";
				SWIFT_VERSION = 5.0;
				TARGETED_DEVICE_FAMILY = "1,2";
			};
			name = Debug;
		};
		5DACB9C82411BC5800AA7AA2 /* Release */ = {
			isa = XCBuildConfiguration;
			buildSettings = {
				ASSETCATALOG_COMPILER_APPICON_NAME = AppIcon;
				CODE_SIGN_STYLE = Automatic;
				DEVELOPMENT_TEAM = WTE4D7MN38;
				INFOPLIST_FILE = CodeAsses/Info.plist;
				LD_RUNPATH_SEARCH_PATHS = (
					"$(inherited)",
					"@executable_path/Frameworks",
				);
				PRODUCT_BUNDLE_IDENTIFIER = com.Ghadeer.CodeAsses;
				PRODUCT_NAME = "$(TARGET_NAME)";
				SWIFT_VERSION = 5.0;
				TARGETED_DEVICE_FAMILY = "1,2";
			};
			name = Release;
		};
		5DACB9CA2411BC5800AA7AA2 /* Debug */ = {
			isa = XCBuildConfiguration;
			buildSettings = {
				ALWAYS_EMBED_SWIFT_STANDARD_LIBRARIES = YES;
				BUNDLE_LOADER = "$(TEST_HOST)";
				CODE_SIGN_STYLE = Automatic;
				DEVELOPMENT_TEAM = WTE4D7MN38;
				INFOPLIST_FILE = CodeAssesTests/Info.plist;
				IPHONEOS_DEPLOYMENT_TARGET = 13.2;
				LD_RUNPATH_SEARCH_PATHS = (
					"$(inherited)",
					"@executable_path/Frameworks",
					"@loader_path/Frameworks",
				);
				PRODUCT_BUNDLE_IDENTIFIER = com.Ghadeer.CodeAssesTests;
				PRODUCT_NAME = "$(TARGET_NAME)";
				SWIFT_VERSION = 5.0;
				TARGETED_DEVICE_FAMILY = "1,2";
				TEST_HOST = "$(BUILT_PRODUCTS_DIR)/CodeAsses.app/CodeAsses";
			};
			name = Debug;
		};
		5DACB9CB2411BC5800AA7AA2 /* Release */ = {
			isa = XCBuildConfiguration;
			buildSettings = {
				ALWAYS_EMBED_SWIFT_STANDARD_LIBRARIES = YES;
				BUNDLE_LOADER = "$(TEST_HOST)";
				CODE_SIGN_STYLE = Automatic;
				DEVELOPMENT_TEAM = WTE4D7MN38;
				INFOPLIST_FILE = CodeAssesTests/Info.plist;
				IPHONEOS_DEPLOYMENT_TARGET = 13.2;
				LD_RUNPATH_SEARCH_PATHS = (
					"$(inherited)",
					"@executable_path/Frameworks",
					"@loader_path/Frameworks",
				);
				PRODUCT_BUNDLE_IDENTIFIER = com.Ghadeer.CodeAssesTests;
				PRODUCT_NAME = "$(TARGET_NAME)";
				SWIFT_VERSION = 5.0;
				TARGETED_DEVICE_FAMILY = "1,2";
				TEST_HOST = "$(BUILT_PRODUCTS_DIR)/CodeAsses.app/CodeAsses";
			};
			name = Release;
		};
		5DACB9CD2411BC5800AA7AA2 /* Debug */ = {
			isa = XCBuildConfiguration;
			buildSettings = {
				ALWAYS_EMBED_SWIFT_STANDARD_LIBRARIES = YES;
				CODE_SIGN_STYLE = Automatic;
				DEVELOPMENT_TEAM = WTE4D7MN38;
				INFOPLIST_FILE = CodeAssesUITests/Info.plist;
				LD_RUNPATH_SEARCH_PATHS = (
					"$(inherited)",
					"@executable_path/Frameworks",
					"@loader_path/Frameworks",
				);
				PRODUCT_BUNDLE_IDENTIFIER = com.Ghadeer.CodeAssesUITests;
				PRODUCT_NAME = "$(TARGET_NAME)";
				SWIFT_VERSION = 5.0;
				TARGETED_DEVICE_FAMILY = "1,2";
				TEST_TARGET_NAME = CodeAsses;
			};
			name = Debug;
		};
		5DACB9CE2411BC5800AA7AA2 /* Release */ = {
			isa = XCBuildConfiguration;
			buildSettings = {
				ALWAYS_EMBED_SWIFT_STANDARD_LIBRARIES = YES;
				CODE_SIGN_STYLE = Automatic;
				DEVELOPMENT_TEAM = WTE4D7MN38;
				INFOPLIST_FILE = CodeAssesUITests/Info.plist;
				LD_RUNPATH_SEARCH_PATHS = (
					"$(inherited)",
					"@executable_path/Frameworks",
					"@loader_path/Frameworks",
				);
				PRODUCT_BUNDLE_IDENTIFIER = com.Ghadeer.CodeAssesUITests;
				PRODUCT_NAME = "$(TARGET_NAME)";
				SWIFT_VERSION = 5.0;
				TARGETED_DEVICE_FAMILY = "1,2";
				TEST_TARGET_NAME = CodeAsses;
			};
			name = Release;
		};
/* End XCBuildConfiguration section */

/* Begin XCConfigurationList section */
		5DACB9972411BC5700AA7AA2 /* Build configuration list for PBXProject "CodeAsses" */ = {
			isa = XCConfigurationList;
			buildConfigurations = (
				5DACB9C42411BC5800AA7AA2 /* Debug */,
				5DACB9C52411BC5800AA7AA2 /* Release */,
			);
			defaultConfigurationIsVisible = 0;
			defaultConfigurationName = Release;
		};
		5DACB9C62411BC5800AA7AA2 /* Build configuration list for PBXNativeTarget "CodeAsses" */ = {
			isa = XCConfigurationList;
			buildConfigurations = (
				5DACB9C72411BC5800AA7AA2 /* Debug */,
				5DACB9C82411BC5800AA7AA2 /* Release */,
			);
			defaultConfigurationIsVisible = 0;
			defaultConfigurationName = Release;
		};
		5DACB9C92411BC5800AA7AA2 /* Build configuration list for PBXNativeTarget "CodeAssesTests" */ = {
			isa = XCConfigurationList;
			buildConfigurations = (
				5DACB9CA2411BC5800AA7AA2 /* Debug */,
				5DACB9CB2411BC5800AA7AA2 /* Release */,
			);
			defaultConfigurationIsVisible = 0;
			defaultConfigurationName = Release;
		};
		5DACB9CC2411BC5800AA7AA2 /* Build configuration list for PBXNativeTarget "CodeAssesUITests" */ = {
			isa = XCConfigurationList;
			buildConfigurations = (
				5DACB9CD2411BC5800AA7AA2 /* Debug */,
				5DACB9CE2411BC5800AA7AA2 /* Release */,
			);
			defaultConfigurationIsVisible = 0;
			defaultConfigurationName = Release;
		};
/* End XCConfigurationList section */
	};
	rootObject = 5DACB9942411BC5700AA7AA2 /* Project object */;
}
